
Microsoft Visual Studio Solution File, Format Version 12.00
# Visual Studio Version 17
VisualStudioVersion = 17.0.31611.283
MinimumVisualStudioVersion = 10.0.40219.1
Project("{9A19103F-16F7-4668-BE54-9A1E7A4F7556}") = "TikTokLoaderMAUI", "TikTokLoaderMAUI\TikTokLoaderMAUI.csproj", "{8068825E-FDEF-47C0-9B97-90EE99A5CEB7}"
EndProject
Project("{FAE04EC0-301F-11D3-BF4B-00C04F79EFBC}") = "TikTokLoader.Logic", "TikTokLoader.Logic\TikTokLoader.Logic.csproj", "{951FD05F-1910-4649-85FC-2F43189FCBAD}"
EndProject
Project("{FAE04EC0-301F-11D3-BF4B-00C04F79EFBC}") = "TikTokLoader.Exception", "TikTokLoader.Exception\TikTokLoader.Exception.csproj", "{C48B9843-3761-4E97-81BF-7CD480243C19}"
EndProject
Global
	GlobalSection(SolutionConfigurationPlatforms) = preSolution
		Debug|Any CPU = Debug|Any CPU
		Release|Any CPU = Release|Any CPU
	EndGlobalSection
	GlobalSection(ProjectConfigurationPlatforms) = postSolution
		{8068825E-FDEF-47C0-9B97-90EE99A5CEB7}.Debug|Any CPU.ActiveCfg = Debug|Any CPU
		{8068825E-FDEF-47C0-9B97-90EE99A5CEB7}.Debug|Any CPU.Build.0 = Debug|Any CPU
		{8068825E-FDEF-47C0-9B97-90EE99A5CEB7}.Debug|Any CPU.Deploy.0 = Debug|Any CPU
		{8068825E-FDEF-47C0-9B97-90EE99A5CEB7}.Release|Any CPU.ActiveCfg = Release|Any CPU
		{8068825E-FDEF-47C0-9B97-90EE99A5CEB7}.Release|Any CPU.Build.0 = Release|Any CPU
		{8068825E-FDEF-47C0-9B97-90EE99A5CEB7}.Release|Any CPU.Deploy.0 = Release|Any CPU
		{951FD05F-1910-4649-85FC-2F43189FCBAD}.Debug|Any CPU.ActiveCfg = Debug|Any CPU
		{951FD05F-1910-4649-85FC-2F43189FCBAD}.Debug|Any CPU.Build.0 = Debug|Any CPU
		{951FD05F-1910-4649-85FC-2F43189FCBAD}.Release|Any CPU.ActiveCfg = Release|Any CPU
		{951FD05F-1910-4649-85FC-2F43189FCBAD}.Release|Any CPU.Build.0 = Release|Any CPU
		{C48B9843-3761-4E97-81BF-7CD480243C19}.Debug|Any CPU.ActiveCfg = Debug|Any CPU
		{C48B9843-3761-4E97-81BF-7CD480243C19}.Debug|Any CPU.Build.0 = Debug|Any CPU
		{C48B9843-3761-4E97-81BF-7CD480243C19}.Release|Any CPU.ActiveCfg = Release|Any CPU
		{C48B9843-3761-4E97-81BF-7CD480243C19}.Release|Any CPU.Build.0 = Release|Any CPU
	EndGlobalSection
	GlobalSection(SolutionProperties) = preSolution
		HideSolutionNode = FALSE
	EndGlobalSection
	GlobalSection(ExtensibilityGlobals) = postSolution
		SolutionGuid = {61F7FB11-1E47-470C-91E2-47F8143E1572}
	EndGlobalSection
EndGlobal
